PODS:
  - Cosmos (22.1.0)
  - SideMenu (6.4.9)

DEPENDENCIES:
  - Cosmos (~> 22.1)
  - SideMenu

SPEC REPOS:
  trunk:
    - Cosmos
    - SideMenu

SPEC CHECKSUMS:
  Cosmos: 2795b36ad4bbea1af3050d6d65576ed63875f86a
  SideMenu: 8ef57a3cfc024a2d3fc1c036c7fe98537baec9e0

PODFILE CHECKSUM: dc0ea0a6e5fb052bc3a874767e27ffa288f74ceb

COCOAPODS: 1.9.3
